// !$*UTF8*$!
{
	archiveVersion = 1;
	classes = {
	};
	objectVersion = 50;
	objects = {

/* Begin PBXBuildFile section */
		E95EA09224250D0700150A25 /* AppDelegate.swift in Sources */ = {isa = PBXBuildFile; fileRef = E95EA09124250D0700150A25 /* AppDelegate.swift */; };
		E95EA09424250D0700150A25 /* SceneDelegate.swift in Sources */ = {isa = PBXBuildFile; fileRef = E95EA09324250D0700150A25 /* SceneDelegate.swift */; };
		E95EA09624250D0700150A25 /* ViewController.swift in Sources */ = {isa = PBXBuildFile; fileRef = E95EA09524250D0700150A25 /* ViewController.swift */; };
		E95EA09924250D0700150A25 /* Main.storyboard in Resources */ = {isa = PBXBuildFile; fileRef = E95EA09724250D0700150A25 /* Main.storyboard */; };
		E95EA09B24250D0800150A25 /* Assets.xcassets in Resources */ = {isa = PBXBuildFile; fileRef = E95EA09A24250D0800150A25 /* Assets.xcassets */; };
		E95EA09E24250D0800150A25 /* LaunchScreen.storyboard in Resources */ = {isa = PBXBuildFile; fileRef = E95EA09C24250D0800150A25 /* LaunchScreen.storyboard */; };
		E95EA0A924250D0800150A25 /* Views_TestingTests.swift in Sources */ = {isa = PBXBuildFile; fileRef = E95EA0A824250D0800150A25 /* Views_TestingTests.swift */; };
		E95EA0B424250D0800150A25 /* Views_TestingUITests.swift in Sources */ = {isa = PBXBuildFile; fileRef = E95EA0B324250D0800150A25 /* Views_TestingUITests.swift */; };
/* End PBXBuildFile section */

/* Begin PBXContainerItemProxy section */
		E95EA0A524250D0800150A25 /* PBXContainerItemProxy */ = {
			isa = PBXContainerItemProxy;
			containerPortal = E95EA08624250D0700150A25 /* Project object */;
			proxyType = 1;
			remoteGlobalIDString = E95EA08D24250D0700150A25;
			remoteInfo = "Views Testing";
		};
		E95EA0B024250D0800150A25 /* PBXContainerItemProxy */ = {
			isa = PBXContainerItemProxy;
			containerPortal = E95EA08624250D0700150A25 /* Project object */;
			proxyType = 1;
			remoteGlobalIDString = E95EA08D24250D0700150A25;
			remoteInfo = "Views Testing";
		};
/* End PBXContainerItemProxy section */

/* Begin PBXFileReference section */
		E95EA08E24250D0700150A25 /* Views Testing.app */ = {isa = PBXFileReference; explicitFileType = wrapper.application; includeInIndex = 0; path = "Views Testing.app"; sourceTree = BUILT_PRODUCTS_DIR; };
		E95EA09124250D0700150A25 /* AppDelegate.swift */ = {isa = PBXFileReference; lastKnownFileType = sourcecode.swift; path = AppDelegate.swift; sourceTree = "<group>"; };
		E95EA09324250D0700150A25 /* SceneDelegate.swift */ = {isa = PBXFileReference; lastKnownFileType = sourcecode.swift; path = SceneDelegate.swift; sourceTree = "<group>"; };
		E95EA09524250D0700150A25 /* ViewController.swift */ = {isa = PBXFileReference; lastKnownFileType = sourcecode.swift; path = ViewController.swift; sourceTree = "<group>"; };
		E95EA09824250D0700150A25 /* Base */ = {isa = PBXFileReference; lastKnownFileType = file.storyboard; name = Base; path = Base.lproj/Main.storyboard; sourceTree = "<group>"; };
		E95EA09A24250D0800150A25 /* Assets.xcassets */ = {isa = PBXFileReference; lastKnownFileType = folder.assetcatalog; path = Assets.xcassets; sourceTree = "<group>"; };
		E95EA09D24250D0800150A25 /* Base */ = {isa = PBXFileReference; lastKnownFileType = file.storyboard; name = Base; path = Base.lproj/LaunchScreen.storyboard; sourceTree = "<group>"; };
		E95EA09F24250D0800150A25 /* Info.plist */ = {isa = PBXFileReference; lastKnownFileType = text.plist.xml; path = Info.plist; sourceTree = "<group>"; };
		E95EA0A424250D0800150A25 /* Views TestingTests.xctest */ = {isa = PBXFileReference; explicitFileType = wrapper.cfbundle; includeInIndex = 0; path = "Views TestingTests.xctest"; sourceTree = BUILT_PRODUCTS_DIR; };
		E95EA0A824250D0800150A25 /* Views_TestingTests.swift */ = {isa = PBXFileReference; lastKnownFileType = sourcecode.swift; path = Views_TestingTests.swift; sourceTree = "<group>"; };
		E95EA0AA24250D0800150A25 /* Info.plist */ = {isa = PBXFileReference; lastKnownFileType = text.plist.xml; path = Info.plist; sourceTree = "<group>"; };
		E95EA0AF24250D0800150A25 /* Views TestingUITests.xctest */ = {isa = PBXFileReference; explicitFileType = wrapper.cfbundle; includeInIndex = 0; path = "Views TestingUITests.xctest"; sourceTree = BUILT_PRODUCTS_DIR; };
		E95EA0B324250D0800150A25 /* Views_TestingUITests.swift */ = {isa = PBXFileReference; lastKnownFileType = sourcecode.swift; path = Views_TestingUITests.swift; sourceTree = "<group>"; };
		E95EA0B524250D0800150A25 /* Info.plist */ = {isa = PBXFileReference; lastKnownFileType = text.plist.xml; path = Info.plist; sourceTree = "<group>"; };
/* End PBXFileReference section */

/* Begin PBXFrameworksBuildPhase section */
		E95EA08B24250D0700150A25 /* Frameworks */ = {
			isa = PBXFrameworksBuildPhase;
			buildActionMask = 2147483647;
			files = (
			);
			runOnlyForDeploymentPostprocessing = 0;
		};
		E95EA0A124250D0800150A25 /* Frameworks */ = {
			isa = PBXFrameworksBuildPhase;
			buildActionMask = 2147483647;
			files = (
			);
			runOnlyForDeploymentPostprocessing = 0;
		};
		E95EA0AC24250D0800150A25 /* Frameworks */ = {
			isa = PBXFrameworksBuildPhase;
			buildActionMask = 2147483647;
			files = (
			);
			runOnlyForDeploymentPostprocessing = 0;
		};
/* End PBXFrameworksBuildPhase section */

/* Begin PBXGroup section */
		E95EA08524250D0700150A25 = {
			isa = PBXGroup;
			children = (
				E95EA09024250D0700150A25 /* Views Testing */,
				E95EA0A724250D0800150A25 /* Views TestingTests */,
				E95EA0B224250D0800150A25 /* Views TestingUITests */,
				E95EA08F24250D0700150A25 /* Products */,
			);
			sourceTree = "<group>";
		};
		E95EA08F24250D0700150A25 /* Products */ = {
			isa = PBXGroup;
			children = (
				E95EA08E24250D0700150A25 /* Views Testing.app */,
				E95EA0A424250D0800150A25 /* Views TestingTests.xctest */,
				E95EA0AF24250D0800150A25 /* Views TestingUITests.xctest */,
			);
			name = Products;
			sourceTree = "<group>";
		};
		E95EA09024250D0700150A25 /* Views Testing */ = {
			isa = PBXGroup;
			children = (
				E95EA09124250D0700150A25 /* AppDelegate.swift */,
				E95EA09324250D0700150A25 /* SceneDelegate.swift */,
				E95EA09524250D0700150A25 /* ViewController.swift */,
				E95EA09724250D0700150A25 /* Main.storyboard */,
				E95EA09A24250D0800150A25 /* Assets.xcassets */,
				E95EA09C24250D0800150A25 /* LaunchScreen.storyboard */,
				E95EA09F24250D0800150A25 /* Info.plist */,
			);
			path = "Views Testing";
			sourceTree = "<group>";
		};
		E95EA0A724250D0800150A25 /* Views TestingTests */ = {
			isa = PBXGroup;
			children = (
				E95EA0A824250D0800150A25 /* Views_TestingTests.swift */,
				E95EA0AA24250D0800150A25 /* Info.plist */,
			);
			path = "Views TestingTests";
			sourceTree = "<group>";
		};
		E95EA0B224250D0800150A25 /* Views TestingUITests */ = {
			isa = PBXGroup;
			children = (
				E95EA0B324250D0800150A25 /* Views_TestingUITests.swift */,
				E95EA0B524250D0800150A25 /* Info.plist */,
			);
			path = "Views TestingUITests";
			sourceTree = "<group>";
		};
/* End PBXGroup section */

/* Begin PBXNativeTarget section */
		E95EA08D24250D0700150A25 /* Views Testing */ = {
			isa = PBXNativeTarget;
			buildConfigurationList = E95EA0B824250D0800150A25 /* Build configuration list for PBXNativeTarget "Views Testing" */;
			buildPhases = (
				E95EA08A24250D0700150A25 /* Sources */,
				E95EA08B24250D0700150A25 /* Frameworks */,
				E95EA08C24250D0700150A25 /* Resources */,
			);
			buildRules = (
			);
			dependencies = (
			);
			name = "Views Testing";
			productName = "Views Testing";
			productReference = E95EA08E24250D0700150A25 /* Views Testing.app */;
			productType = "com.apple.product-type.application";
		};
		E95EA0A324250D0800150A25 /* Views TestingTests */ = {
			isa = PBXNativeTarget;
			buildConfigurationList = E95EA0BB24250D0800150A25 /* Build configuration list for PBXNativeTarget "Views TestingTests" */;
			buildPhases = (
				E95EA0A024250D0800150A25 /* Sources */,
				E95EA0A124250D0800150A25 /* Frameworks */,
				E95EA0A224250D0800150A25 /* Resources */,
			);
			buildRules = (
			);
			dependencies = (
				E95EA0A624250D0800150A25 /* PBXTargetDependency */,
			);
			name = "Views TestingTests";
			productName = "Views TestingTests";
			productReference = E95EA0A424250D0800150A25 /* Views TestingTests.xctest */;
			productType = "com.apple.product-type.bundle.unit-test";
		};
		E95EA0AE24250D0800150A25 /* Views TestingUITests */ = {
			isa = PBXNativeTarget;
			buildConfigurationList = E95EA0BE24250D0800150A25 /* Build configuration list for PBXNativeTarget "Views TestingUITests" */;
			buildPhases = (
				E95EA0AB24250D0800150A25 /* Sources */,
				E95EA0AC24250D0800150A25 /* Frameworks */,
				E95EA0AD24250D0800150A25 /* Resources */,
			);
			buildRules = (
			);
			dependencies = (
				E95EA0B124250D0800150A25 /* PBXTargetDependency */,
			);
			name = "Views TestingUITests";
			productName = "Views TestingUITests";
			productReference = E95EA0AF24250D0800150A25 /* Views TestingUITests.xctest */;
			productType = "com.apple.product-type.bundle.ui-testing";
		};
/* End PBXNativeTarget section */

/* Begin PBXProject section */
		E95EA08624250D0700150A25 /* Project object */ = {
			isa = PBXProject;
			attributes = {
				LastSwiftUpdateCheck = 1130;
				LastUpgradeCheck = 1130;
				ORGANIZATIONNAME = "Eric Golovin";
				TargetAttributes = {
					E95EA08D24250D0700150A25 = {
						CreatedOnToolsVersion = 11.3.1;
					};
					E95EA0A324250D0800150A25 = {
						CreatedOnToolsVersion = 11.3.1;
						TestTargetID = E95EA08D24250D0700150A25;
					};
					E95EA0AE24250D0800150A25 = {
						CreatedOnToolsVersion = 11.3.1;
						TestTargetID = E95EA08D24250D0700150A25;
					};
				};
			};
			buildConfigurationList = E95EA08924250D0700150A25 /* Build configuration list for PBXProject "Views Testing" */;
			compatibilityVersion = "Xcode 9.3";
			developmentRegion = en;
			hasScannedForEncodings = 0;
			knownRegions = (
				en,
				Base,
			);
			mainGroup = E95EA08524250D0700150A25;
			productRefGroup = E95EA08F24250D0700150A25 /* Products */;
			projectDirPath = "";
			projectRoot = "";
			targets = (
				E95EA08D24250D0700150A25 /* Views Testing */,
				E95EA0A324250D0800150A25 /* Views TestingTests */,
				E95EA0AE24250D0800150A25 /* Views TestingUITests */,
			);
		};
/* End PBXProject section */

/* Begin PBXResourcesBuildPhase section */
		E95EA08C24250D0700150A25 /* Resources */ = {
			isa = PBXResourcesBuildPhase;
			buildActionMask = 2147483647;
			files = (
				E95EA09E24250D0800150A25 /* LaunchScreen.storyboard in Resources */,
				E95EA09B24250D0800150A25 /* Assets.xcassets in Resources */,
				E95EA09924250D0700150A25 /* Main.storyboard in Resources */,
			);
			runOnlyForDeploymentPostprocessing = 0;
		};
		E95EA0A224250D0800150A25 /* Resources */ = {
			isa = PBXResourcesBuildPhase;
			buildActionMask = 2147483647;
			files = (
			);
			runOnlyForDeploymentPostprocessing = 0;
		};
		E95EA0AD24250D0800150A25 /* Resources */ = {
			isa = PBXResourcesBuildPhase;
			buildActionMask = 2147483647;
			files = (
			);
			runOnlyForDeploymentPostprocessing = 0;
		};
/* End PBXResourcesBuildPhase section */

/* Begin PBXSourcesBuildPhase section */
		E95EA08A24250D0700150A25 /* Sources */ = {
			isa = PBXSourcesBuildPhase;
			buildActionMask = 2147483647;
			files = (
				E95EA09624250D0700150A25 /* ViewController.swift in Sources */,
				E95EA09224250D0700150A25 /* AppDelegate.swift in Sources */,
				E95EA09424250D0700150A25 /* SceneDelegate.swift in Sources */,
			);
			runOnlyForDeploymentPostprocessing = 0;
		};
		E95EA0A024250D0800150A25 /* Sources */ = {
			isa = PBXSourcesBuildPhase;
			buildActionMask = 2147483647;
			files = (
				E95EA0A924250D0800150A25 /* Views_TestingTests.swift in Sources */,
			);
			runOnlyForDeploymentPostprocessing = 0;
		};
		E95EA0AB24250D0800150A25 /* Sources */ = {
			isa = PBXSourcesBuildPhase;
			buildActionMask = 2147483647;
			files = (
				E95EA0B424250D0800150A25 /* Views_TestingUITests.swift in Sources */,
			);
			runOnlyForDeploymentPostprocessing = 0;
		};
/* End PBXSourcesBuildPhase section */

/* Begin PBXTargetDependency section */
		E95EA0A624250D0800150A25 /* PBXTargetDependency */ = {
			isa = PBXTargetDependency;
			target = E95EA08D24250D0700150A25 /* Views Testing */;
			targetProxy = E95EA0A524250D0800150A25 /* PBXContainerItemProxy */;
		};
		E95EA0B124250D0800150A25 /* PBXTargetDependency */ = {
			isa = PBXTargetDependency;
			target = E95EA08D24250D0700150A25 /* Views Testing */;
			targetProxy = E95EA0B024250D0800150A25 /* PBXContainerItemProxy */;
		};
/* End PBXTargetDependency section */

/* Begin PBXVariantGroup section */
		E95EA09724250D0700150A25 /* Main.storyboard */ = {
			isa = PBXVariantGroup;
			children = (
				E95EA09824250D0700150A25 /* Base */,
			);
			name = Main.storyboard;
			sourceTree = "<group>";
		};
		E95EA09C24250D0800150A25 /* LaunchScreen.storyboard */ = {
			isa = PBXVariantGroup;
			children = (
				E95EA09D24250D0800150A25 /* Base */,
			);
			name = LaunchScreen.storyboard;
			sourceTree = "<group>";
		};
/* End PBXVariantGroup section */

/* Begin XCBuildConfiguration section */
		E95EA0B624250D0800150A25 /* Debug */ = {
			isa = XCBuildConfiguration;
			buildSettings = {
				ALWAYS_SEARCH_USER_PATHS = NO;
				CLANG_ANALYZER_NONNULL = YES;
				CLANG_ANALYZER_NUMBER_OBJECT_CONVERSION = YES_AGGRESSIVE;
				CLANG_CXX_LANGUAGE_STANDARD = "gnu++14";
				CLANG_CXX_LIBRARY = "libc++";
				CLANG_ENABLE_MODULES = YES;
				CLANG_ENABLE_OBJC_ARC = YES;
				CLANG_ENABLE_OBJC_WEAK = YES;
				CLANG_WARN_BLOCK_CAPTURE_AUTORELEASING = YES;
				CLANG_WARN_BOOL_CONVERSION = YES;
				CLANG_WARN_COMMA = YES;
				CLANG_WARN_CONSTANT_CONVERSION = YES;
				CLANG_WARN_DEPRECATED_OBJC_IMPLEMENTATIONS = YES;
				CLANG_WARN_DIRECT_OBJC_ISA_USAGE = YES_ERROR;
				CLANG_WARN_DOCUMENTATION_COMMENTS = YES;
				CLANG_WARN_EMPTY_BODY = YES;
				CLANG_WARN_ENUM_CONVERSION = YES;
				CLANG_WARN_INFINITE_RECURSION = YES;
				CLANG_WARN_INT_CONVERSION = YES;
				CLANG_WARN_NON_LITERAL_NULL_CONVERSION = YES;
				CLANG_WARN_OBJC_IMPLICIT_RETAIN_SELF = YES;
				CLANG_WARN_OBJC_LITERAL_CONVERSION = YES;
				CLANG_WARN_OBJC_ROOT_CLASS = YES_ERROR;
				CLANG_WARN_RANGE_LOOP_ANALYSIS = YES;
				CLANG_WARN_STRICT_PROTOTYPES = YES;
				CLANG_WARN_SUSPICIOUS_MOVE = YES;
				CLANG_WARN_UNGUARDED_AVAILABILITY = YES_AGGRESSIVE;
				CLANG_WARN_UNREACHABLE_CODE = YES;
				CLANG_WARN__DUPLICATE_METHOD_MATCH = YES;
				COPY_PHASE_STRIP = NO;
				DEBUG_INFORMATION_FORMAT = dwarf;
				ENABLE_STRICT_OBJC_MSGSEND = YES;
				ENABLE_TESTABILITY = YES;
				GCC_C_LANGUAGE_STANDARD = gnu11;
				GCC_DYNAMIC_NO_PIC = NO;
				GCC_NO_COMMON_BLOCKS = YES;
				GCC_OPTIMIZATION_LEVEL = 0;
				GCC_PREPROCESSOR_DEFINITIONS = (
					"DEBUG=1",
					"$(inherited)",
				);
				GCC_WARN_64_TO_32_BIT_CONVERSION = YES;
				GCC_WARN_ABOUT_RETURN_TYPE = YES_ERROR;
				GCC_WARN_UNDECLARED_SELECTOR = YES;
				GCC_WARN_UNINITIALIZED_AUTOS = YES_AGGRESSIVE;
				GCC_WARN_UNUSED_FUNCTION = YES;
				GCC_WARN_UNUSED_VARIABLE = YES;
				IPHONEOS_DEPLOYMENT_TARGET = 13.2;
				MTL_ENABLE_DEBUG_INFO = INCLUDE_SOURCE;
				MTL_FAST_MATH = YES;
				ONLY_ACTIVE_ARCH = YES;
				SDKROOT = iphoneos;
				SWIFT_ACTIVE_COMPILATION_CONDITIONS = DEBUG;
				SWIFT_OPTIMIZATION_LEVEL = "-Onone";
			};
			name = Debug;
		};
		E95EA0B724250D0800150A25 /* Release */ = {
			isa = XCBuildConfiguration;
			buildSettings = {
				ALWAYS_SEARCH_USER_PATHS = NO;
				CLANG_ANALYZER_NONNULL = YES;
				CLANG_ANALYZER_NUMBER_OBJECT_CONVERSION = YES_AGGRESSIVE;
				CLANG_CXX_LANGUAGE_STANDARD = "gnu++14";
				CLANG_CXX_LIBRARY = "libc++";
				CLANG_ENABLE_MODULES = YES;
				CLANG_ENABLE_OBJC_ARC = YES;
				CLANG_ENABLE_OBJC_WEAK = YES;
				CLANG_WARN_BLOCK_CAPTURE_AUTORELEASING = YES;
				CLANG_WARN_BOOL_CONVERSION = YES;
				CLANG_WARN_COMMA = YES;
				CLANG_WARN_CONSTANT_CONVERSION = YES;
				CLANG_WARN_DEPRECATED_OBJC_IMPLEMENTATIONS = YES;
				CLANG_WARN_DIRECT_OBJC_ISA_USAGE = YES_ERROR;
				CLANG_WARN_DOCUMENTATION_COMMENTS = YES;
				CLANG_WARN_EMPTY_BODY = YES;
				CLANG_WARN_ENUM_CONVERSION = YES;
				CLANG_WARN_INFINITE_RECURSION = YES;
				CLANG_WARN_INT_CONVERSION = YES;
				CLANG_WARN_NON_LITERAL_NULL_CONVERSION = YES;
				CLANG_WARN_OBJC_IMPLICIT_RETAIN_SELF = YES;
				CLANG_WARN_OBJC_LITERAL_CONVERSION = YES;
				CLANG_WARN_OBJC_ROOT_CLASS = YES_ERROR;
				CLANG_WARN_RANGE_LOOP_ANALYSIS = YES;
				CLANG_WARN_STRICT_PROTOTYPES = YES;
				CLANG_WARN_SUSPICIOUS_MOVE = YES;
				CLANG_WARN_UNGUARDED_AVAILABILITY = YES_AGGRESSIVE;
				CLANG_WARN_UNREACHABLE_CODE = YES;
				CLANG_WARN__DUPLICATE_METHOD_MATCH = YES;
				COPY_PHASE_STRIP = NO;
				DEBUG_INFORMATION_FORMAT = "dwarf-with-dsym";
				ENABLE_NS_ASSERTIONS = NO;
				ENABLE_STRICT_OBJC_MSGSEND = YES;
				GCC_C_LANGUAGE_STANDARD = gnu11;
				GCC_NO_COMMON_BLOCKS = YES;
				GCC_WARN_64_TO_32_BIT_CONVERSION = YES;
				GCC_WARN_ABOUT_RETURN_TYPE = YES_ERROR;
				GCC_WARN_UNDECLARED_SELECTOR = YES;
				GCC_WARN_UNINITIALIZED_AUTOS = YES_AGGRESSIVE;
				GCC_WARN_UNUSED_FUNCTION = YES;
				GCC_WARN_UNUSED_VARIABLE = YES;
				IPHONEOS_DEPLOYMENT_TARGET = 13.2;
				MTL_ENABLE_DEBUG_INFO = NO;
				MTL_FAST_MATH = YES;
				SDKROOT = iphoneos;
				SWIFT_COMPILATION_MODE = wholemodule;
				SWIFT_OPTIMIZATION_LEVEL = "-O";
				VALIDATE_PRODUCT = YES;
			};
			name = Release;
		};
		E95EA0B924250D0800150A25 /* Debug */ = {
			isa = XCBuildConfiguration;
			buildSettings = {
				ASSETCATALOG_COMPILER_APPICON_NAME = AppIcon;
				CODE_SIGN_STYLE = Automatic;
				DEVELOPMENT_TEAM = U87X99UU87;
				INFOPLIST_FILE = "Views Testing/Info.plist";
				LD_RUNPATH_SEARCH_PATHS = (
					"$(inherited)",
					"@executable_path/Frameworks",
				);
				PRODUCT_BUNDLE_IDENTIFIER = "com.ericgolovin.Views-Testing";
				PRODUCT_NAME = "$(TARGET_NAME)";
				SWIFT_VERSION = 5.0;
				TARGETED_DEVICE_FAMILY = "1,2";
			};
			name = Debug;
		};
		E95EA0BA24250D0800150A25 /* Release */ = {
			isa = XCBuildConfiguration;
			buildSettings = {
				ASSETCATALOG_COMPILER_APPICON_NAME = AppIcon;
				CODE_SIGN_STYLE = Automatic;
				DEVELOPMENT_TEAM = U87X99UU87;
				INFOPLIST_FILE = "Views Testing/Info.plist";
				LD_RUNPATH_SEARCH_PATHS = (
					"$(inherited)",
					"@executable_path/Frameworks",
				);
				PRODUCT_BUNDLE_IDENTIFIER = "com.ericgolovin.Views-Testing";
				PRODUCT_NAME = "$(TARGET_NAME)";
				SWIFT_VERSION = 5.0;
				TARGETED_DEVICE_FAMILY = "1,2";
			};
			name = Release;
		};
		E95EA0BC24250D0800150A25 /* Debug */ = {
			isa = XCBuildConfiguration;
			buildSettings = {
				ALWAYS_EMBED_SWIFT_STANDARD_LIBRARIES = YES;
				BUNDLE_LOADER = "$(TEST_HOST)";
				CODE_SIGN_STYLE = Automatic;
				DEVELOPMENT_TEAM = U87X99UU87;
				INFOPLIST_FILE = "Views TestingTests/Info.plist";
				IPHONEOS_DEPLOYMENT_TARGET = 13.2;
				LD_RUNPATH_SEARCH_PATHS = (
					"$(inherited)",
					"@executable_path/Frameworks",
					"@loader_path/Frameworks",
				);
				PRODUCT_BUNDLE_IDENTIFIER = "com.ericgolovin.Views-TestingTests";
				PRODUCT_NAME = "$(TARGET_NAME)";
				SWIFT_VERSION = 5.0;
				TARGETED_DEVICE_FAMILY = "1,2";
				TEST_HOST = "$(BUILT_PRODUCTS_DIR)/Views Testing.app/Views Testing";
			};
			name = Debug;
		};
		E95EA0BD24250D0800150A25 /* Release */ = {
			isa = XCBuildConfiguration;
			buildSettings = {
				ALWAYS_EMBED_SWIFT_STANDARD_LIBRARIES = YES;
				BUNDLE_LOADER = "$(TEST_HOST)";
				CODE_SIGN_STYLE = Automatic;
				DEVELOPMENT_TEAM = U87X99UU87;
				INFOPLIST_FILE = "Views TestingTests/Info.plist";
				IPHONEOS_DEPLOYMENT_TARGET = 13.2;
				LD_RUNPATH_SEARCH_PATHS = (
					"$(inherited)",
					"@executable_path/Frameworks",
					"@loader_path/Frameworks",
				);
				PRODUCT_BUNDLE_IDENTIFIER = "com.ericgolovin.Views-TestingTests";
				PRODUCT_NAME = "$(TARGET_NAME)";
				SWIFT_VERSION = 5.0;
				TARGETED_DEVICE_FAMILY = "1,2";
				TEST_HOST = "$(BUILT_PRODUCTS_DIR)/Views Testing.app/Views Testing";
			};
			name = Release;
		};
		E95EA0BF24250D0800150A25 /* Debug */ = {
			isa = XCBuildConfiguration;
			buildSettings = {
				ALWAYS_EMBED_SWIFT_STANDARD_LIBRARIES = YES;
				CODE_SIGN_STYLE = Automatic;
				DEVELOPMENT_TEAM = U87X99UU87;
				INFOPLIST_FILE = "Views TestingUITests/Info.plist";
				LD_RUNPATH_SEARCH_PATHS = (
					"$(inherited)",
					"@executable_path/Frameworks",
					"@loader_path/Frameworks",
				);
				PRODUCT_BUNDLE_IDENTIFIER = "com.ericgolovin.Views-TestingUITests";
				PRODUCT_NAME = "$(TARGET_NAME)";
				SWIFT_VERSION = 5.0;
				TARGETED_DEVICE_FAMILY = "1,2";
				TEST_TARGET_NAME = "Views Testing";
			};
			name = Debug;
		};
		E95EA0C024250D0800150A25 /* Release */ = {
			isa = XCBuildConfiguration;
			buildSettings = {
				ALWAYS_EMBED_SWIFT_STANDARD_LIBRARIES = YES;
				CODE_SIGN_STYLE = Automatic;
				DEVELOPMENT_TEAM = U87X99UU87;
				INFOPLIST_FILE = "Views TestingUITests/Info.plist";
				LD_RUNPATH_SEARCH_PATHS = (
					"$(inherited)",
					"@executable_path/Frameworks",
					"@loader_path/Frameworks",
				);
				PRODUCT_BUNDLE_IDENTIFIER = "com.ericgolovin.Views-TestingUITests";
				PRODUCT_NAME = "$(TARGET_NAME)";
				SWIFT_VERSION = 5.0;
				TARGETED_DEVICE_FAMILY = "1,2";
				TEST_TARGET_NAME = "Views Testing";
			};
			name = Release;
		};
/* End XCBuildConfiguration section */

/* Begin XCConfigurationList section */
		E95EA08924250D0700150A25 /* Build configuration list for PBXProject "Views Testing" */ = {
			isa = XCConfigurationList;
			buildConfigurations = (
				E95EA0B624250D0800150A25 /* Debug */,
				E95EA0B724250D0800150A25 /* Release */,
			);
			defaultConfigurationIsVisible = 0;
			defaultConfigurationName = Release;
		};
		E95EA0B824250D0800150A25 /* Build configuration list for PBXNativeTarget "Views Testing" */ = {
			isa = XCConfigurationList;
			buildConfigurations = (
				E95EA0B924250D0800150A25 /* Debug */,
				E95EA0BA24250D0800150A25 /* Release */,
			);
			defaultConfigurationIsVisible = 0;
			defaultConfigurationName = Release;
		};
		E95EA0BB24250D0800150A25 /* Build configuration list for PBXNativeTarget "Views TestingTests" */ = {
			isa = XCConfigurationList;
			buildConfigurations = (
				E95EA0BC24250D0800150A25 /* Debug */,
				E95EA0BD24250D0800150A25 /* Release */,
			);
			defaultConfigurationIsVisible = 0;
			defaultConfigurationName = Release;
		};
		E95EA0BE24250D0800150A25 /* Build configuration list for PBXNativeTarget "Views TestingUITests" */ = {
			isa = XCConfigurationList;
			buildConfigurations = (
				E95EA0BF24250D0800150A25 /* Debug */,
				E95EA0C024250D0800150A25 /* Release */,
			);
			defaultConfigurationIsVisible = 0;
			defaultConfigurationName = Release;
		};
/* End XCConfigurationList section */
	};
	rootObject = E95EA08624250D0700150A25 /* Project object */;
}
