// !$*UTF8*$!
{
	archiveVersion = 1;
	classes = {
	};
	objectVersion = 52;
	objects = {

/* Begin PBXBuildFile section */
		E900AC90240438CD00C1BE96 /* AppDelegate.swift in Sources */ = {isa = PBXBuildFile; fileRef = E900AC8F240438CD00C1BE96 /* AppDelegate.swift */; };
		E900AC92240438CD00C1BE96 /* SceneDelegate.swift in Sources */ = {isa = PBXBuildFile; fileRef = E900AC91240438CD00C1BE96 /* SceneDelegate.swift */; };
		E900AC94240438CD00C1BE96 /* ViewController.swift in Sources */ = {isa = PBXBuildFile; fileRef = E900AC93240438CD00C1BE96 /* ViewController.swift */; };
		E900AC97240438CD00C1BE96 /* Main.storyboard in Resources */ = {isa = PBXBuildFile; fileRef = E900AC95240438CD00C1BE96 /* Main.storyboard */; };
		E900AC9A240438CD00C1BE96 /* Empty_Window.xcdatamodeld in Sources */ = {isa = PBXBuildFile; fileRef = E900AC98240438CD00C1BE96 /* Empty_Window.xcdatamodeld */; };
		E900AC9C240438CE00C1BE96 /* Assets.xcassets in Resources */ = {isa = PBXBuildFile; fileRef = E900AC9B240438CE00C1BE96 /* Assets.xcassets */; };
		E900AC9F240438CE00C1BE96 /* LaunchScreen.storyboard in Resources */ = {isa = PBXBuildFile; fileRef = E900AC9D240438CE00C1BE96 /* LaunchScreen.storyboard */; };
		E900ACAA240438CE00C1BE96 /* EmptyWindowTests.swift in Sources */ = {isa = PBXBuildFile; fileRef = E900ACA9240438CE00C1BE96 /* EmptyWindowTests.swift */; };
		E96FC08C240D57DB00B69F17 /* EmptyWindowUITests.swift in Sources */ = {isa = PBXBuildFile; fileRef = E96FC08B240D57DB00B69F17 /* EmptyWindowUITests.swift */; };
		E9A746192405BBA1002BABC5 /* MyCoolFramework.framework in Frameworks */ = {isa = PBXBuildFile; fileRef = E9A746102405BBA1002BABC5 /* MyCoolFramework.framework */; };
		E9A746202405BBA1002BABC5 /* MyCoolFrameworkTests.swift in Sources */ = {isa = PBXBuildFile; fileRef = E9A7461F2405BBA1002BABC5 /* MyCoolFrameworkTests.swift */; };
		E9A746222405BBA1002BABC5 /* MyCoolFramework.h in Headers */ = {isa = PBXBuildFile; fileRef = E9A746122405BBA1002BABC5 /* MyCoolFramework.h */; settings = {ATTRIBUTES = (Public, ); }; };
		E9A746312405C240002BABC5 /* ObjectFromFramework.swift in Sources */ = {isa = PBXBuildFile; fileRef = E9A746302405C240002BABC5 /* ObjectFromFramework.swift */; };
		E9A746332405C3A7002BABC5 /* MyCoolFramework.framework in Frameworks */ = {isa = PBXBuildFile; fileRef = E9A746102405BBA1002BABC5 /* MyCoolFramework.framework */; };
		E9A746342405C3A7002BABC5 /* MyCoolFramework.framework in Embed Frameworks */ = {isa = PBXBuildFile; fileRef = E9A746102405BBA1002BABC5 /* MyCoolFramework.framework */; settings = {ATTRIBUTES = (CodeSignOnCopy, RemoveHeadersOnCopy, ); }; };
		E9A746382405C598002BABC5 /* MyCoolFramework.framework in Frameworks */ = {isa = PBXBuildFile; fileRef = E9A746102405BBA1002BABC5 /* MyCoolFramework.framework */; };
		E9A746422405C63E002BABC5 /* MyCoolPackage in Frameworks */ = {isa = PBXBuildFile; productRef = E9A746412405C63E002BABC5 /* MyCoolPackage */; };
		E9A74644240722E2002BABC5 /* TestTargetFile.swift in Sources */ = {isa = PBXBuildFile; fileRef = E9A7464324072295002BABC5 /* TestTargetFile.swift */; };
		E9A746772407EA15002BABC5 /* View.xib in Resources */ = {isa = PBXBuildFile; fileRef = E9A746762407EA15002BABC5 /* View.xib */; };
		E9A7467924083C11002BABC5 /* RedButton.swift in Sources */ = {isa = PBXBuildFile; fileRef = E9A7467824083C11002BABC5 /* RedButton.swift */; };
/* End PBXBuildFile section */

/* Begin PBXContainerItemProxy section */
		E900ACA6240438CE00C1BE96 /* PBXContainerItemProxy */ = {
			isa = PBXContainerItemProxy;
			containerPortal = E900AC84240438CD00C1BE96 /* Project object */;
			proxyType = 1;
			remoteGlobalIDString = E900AC8B240438CD00C1BE96;
			remoteInfo = "Empty Window";
		};
		E96FC08E240D57DB00B69F17 /* PBXContainerItemProxy */ = {
			isa = PBXContainerItemProxy;
			containerPortal = E900AC84240438CD00C1BE96 /* Project object */;
			proxyType = 1;
			remoteGlobalIDString = E900AC8B240438CD00C1BE96;
			remoteInfo = "Empty Window";
		};
		E9A7461A2405BBA1002BABC5 /* PBXContainerItemProxy */ = {
			isa = PBXContainerItemProxy;
			containerPortal = E900AC84240438CD00C1BE96 /* Project object */;
			proxyType = 1;
			remoteGlobalIDString = E9A7460F2405BBA1002BABC5;
			remoteInfo = MyCoolFramework;
		};
		E9A7461C2405BBA1002BABC5 /* PBXContainerItemProxy */ = {
			isa = PBXContainerItemProxy;
			containerPortal = E900AC84240438CD00C1BE96 /* Project object */;
			proxyType = 1;
			remoteGlobalIDString = E900AC8B240438CD00C1BE96;
			remoteInfo = "Empty Window";
		};
		E9A746232405BBA1002BABC5 /* PBXContainerItemProxy */ = {
			isa = PBXContainerItemProxy;
			containerPortal = E900AC84240438CD00C1BE96 /* Project object */;
			proxyType = 1;
			remoteGlobalIDString = E9A7460F2405BBA1002BABC5;
			remoteInfo = MyCoolFramework;
		};
/* End PBXContainerItemProxy section */

/* Begin PBXCopyFilesBuildPhase section */
		E9A746352405C3A7002BABC5 /* Embed Frameworks */ = {
			isa = PBXCopyFilesBuildPhase;
			buildActionMask = 2147483647;
			dstPath = "";
			dstSubfolderSpec = 10;
			files = (
				E9A746342405C3A7002BABC5 /* MyCoolFramework.framework in Embed Frameworks */,
			);
			name = "Embed Frameworks";
			runOnlyForDeploymentPostprocessing = 0;
		};
/* End PBXCopyFilesBuildPhase section */

/* Begin PBXFileReference section */
		E900AC8C240438CD00C1BE96 /* Empty Window.app */ = {isa = PBXFileReference; explicitFileType = wrapper.application; includeInIndex = 0; path = "Empty Window.app"; sourceTree = BUILT_PRODUCTS_DIR; };
		E900AC8F240438CD00C1BE96 /* AppDelegate.swift */ = {isa = PBXFileReference; lastKnownFileType = sourcecode.swift; path = AppDelegate.swift; sourceTree = "<group>"; };
		E900AC91240438CD00C1BE96 /* SceneDelegate.swift */ = {isa = PBXFileReference; lastKnownFileType = sourcecode.swift; path = SceneDelegate.swift; sourceTree = "<group>"; };
		E900AC93240438CD00C1BE96 /* ViewController.swift */ = {isa = PBXFileReference; lastKnownFileType = sourcecode.swift; path = ViewController.swift; sourceTree = "<group>"; };
		E900AC96240438CD00C1BE96 /* Base */ = {isa = PBXFileReference; lastKnownFileType = file.storyboard; name = Base; path = Base.lproj/Main.storyboard; sourceTree = "<group>"; };
		E900AC99240438CD00C1BE96 /* Empty_Window.xcdatamodel */ = {isa = PBXFileReference; lastKnownFileType = wrapper.xcdatamodel; path = Empty_Window.xcdatamodel; sourceTree = "<group>"; };
		E900AC9B240438CE00C1BE96 /* Assets.xcassets */ = {isa = PBXFileReference; lastKnownFileType = folder.assetcatalog; path = Assets.xcassets; sourceTree = "<group>"; };
		E900AC9E240438CE00C1BE96 /* Base */ = {isa = PBXFileReference; lastKnownFileType = file.storyboard; name = Base; path = Base.lproj/LaunchScreen.storyboard; sourceTree = "<group>"; };
		E900ACA0240438CE00C1BE96 /* Info.plist */ = {isa = PBXFileReference; lastKnownFileType = text.plist.xml; path = Info.plist; sourceTree = "<group>"; };
		E900ACA5240438CE00C1BE96 /* Empty WindowTests.xctest */ = {isa = PBXFileReference; explicitFileType = wrapper.cfbundle; includeInIndex = 0; path = "Empty WindowTests.xctest"; sourceTree = BUILT_PRODUCTS_DIR; };
		E900ACA9240438CE00C1BE96 /* EmptyWindowTests.swift */ = {isa = PBXFileReference; lastKnownFileType = sourcecode.swift; path = EmptyWindowTests.swift; sourceTree = "<group>"; };
		E900ACAB240438CE00C1BE96 /* Info.plist */ = {isa = PBXFileReference; lastKnownFileType = text.plist.xml; path = Info.plist; sourceTree = "<group>"; };
		E96FC089240D57DB00B69F17 /* EmptyWindowUITests.xctest */ = {isa = PBXFileReference; explicitFileType = wrapper.cfbundle; includeInIndex = 0; path = EmptyWindowUITests.xctest; sourceTree = BUILT_PRODUCTS_DIR; };
		E96FC08B240D57DB00B69F17 /* EmptyWindowUITests.swift */ = {isa = PBXFileReference; lastKnownFileType = sourcecode.swift; path = EmptyWindowUITests.swift; sourceTree = "<group>"; };
		E96FC08D240D57DB00B69F17 /* Info.plist */ = {isa = PBXFileReference; lastKnownFileType = text.plist.xml; path = Info.plist; sourceTree = "<group>"; };
		E96FC093240D5C6700B69F17 /* TestPlan.xctestplan */ = {isa = PBXFileReference; lastKnownFileType = text; path = TestPlan.xctestplan; sourceTree = "<group>"; };
		E9A746102405BBA1002BABC5 /* MyCoolFramework.framework */ = {isa = PBXFileReference; explicitFileType = wrapper.framework; includeInIndex = 0; path = MyCoolFramework.framework; sourceTree = BUILT_PRODUCTS_DIR; };
		E9A746122405BBA1002BABC5 /* MyCoolFramework.h */ = {isa = PBXFileReference; lastKnownFileType = sourcecode.c.h; path = MyCoolFramework.h; sourceTree = "<group>"; };
		E9A746132405BBA1002BABC5 /* Info.plist */ = {isa = PBXFileReference; lastKnownFileType = text.plist.xml; path = Info.plist; sourceTree = "<group>"; };
		E9A746182405BBA1002BABC5 /* MyCoolFrameworkTests.xctest */ = {isa = PBXFileReference; explicitFileType = wrapper.cfbundle; includeInIndex = 0; path = MyCoolFrameworkTests.xctest; sourceTree = BUILT_PRODUCTS_DIR; };
		E9A7461F2405BBA1002BABC5 /* MyCoolFrameworkTests.swift */ = {isa = PBXFileReference; lastKnownFileType = sourcecode.swift; path = MyCoolFrameworkTests.swift; sourceTree = "<group>"; };
		E9A746212405BBA1002BABC5 /* Info.plist */ = {isa = PBXFileReference; lastKnownFileType = text.plist.xml; path = Info.plist; sourceTree = "<group>"; };
		E9A746302405C240002BABC5 /* ObjectFromFramework.swift */ = {isa = PBXFileReference; lastKnownFileType = sourcecode.swift; path = ObjectFromFramework.swift; sourceTree = "<group>"; };
		E9A746362405C570002BABC5 /* MyCoolPackage */ = {isa = PBXFileReference; lastKnownFileType = folder; path = MyCoolPackage; sourceTree = "<group>"; };
		E9A7464324072295002BABC5 /* TestTargetFile.swift */ = {isa = PBXFileReference; lastKnownFileType = sourcecode.swift; path = TestTargetFile.swift; sourceTree = "<group>"; };
		E9A746762407EA15002BABC5 /* View.xib */ = {isa = PBXFileReference; lastKnownFileType = file.xib; path = View.xib; sourceTree = "<group>"; };
		E9A7467824083C11002BABC5 /* RedButton.swift */ = {isa = PBXFileReference; lastKnownFileType = sourcecode.swift; path = RedButton.swift; sourceTree = "<group>"; };
/* End PBXFileReference section */

/* Begin PBXFrameworksBuildPhase section */
		E900AC89240438CD00C1BE96 /* Frameworks */ = {
			isa = PBXFrameworksBuildPhase;
			buildActionMask = 2147483647;
			files = (
				E9A746382405C598002BABC5 /* MyCoolFramework.framework in Frameworks */,
				E9A746422405C63E002BABC5 /* MyCoolPackage in Frameworks */,
				E9A746332405C3A7002BABC5 /* MyCoolFramework.framework in Frameworks */,
			);
			runOnlyForDeploymentPostprocessing = 0;
		};
		E900ACA2240438CE00C1BE96 /* Frameworks */ = {
			isa = PBXFrameworksBuildPhase;
			buildActionMask = 2147483647;
			files = (
			);
			runOnlyForDeploymentPostprocessing = 0;
		};
		E96FC086240D57DB00B69F17 /* Frameworks */ = {
			isa = PBXFrameworksBuildPhase;
			buildActionMask = 2147483647;
			files = (
			);
			runOnlyForDeploymentPostprocessing = 0;
		};
		E9A7460D2405BBA1002BABC5 /* Frameworks */ = {
			isa = PBXFrameworksBuildPhase;
			buildActionMask = 2147483647;
			files = (
			);
			runOnlyForDeploymentPostprocessing = 0;
		};
		E9A746152405BBA1002BABC5 /* Frameworks */ = {
			isa = PBXFrameworksBuildPhase;
			buildActionMask = 2147483647;
			files = (
				E9A746192405BBA1002BABC5 /* MyCoolFramework.framework in Frameworks */,
			);
			runOnlyForDeploymentPostprocessing = 0;
		};
/* End PBXFrameworksBuildPhase section */

/* Begin PBXGroup section */
		E900AC83240438CD00C1BE96 = {
			isa = PBXGroup;
			children = (
				E9A746362405C570002BABC5 /* MyCoolPackage */,
				E900AC8E240438CD00C1BE96 /* Empty Window */,
				E9A746112405BBA1002BABC5 /* MyCoolFramework */,
				E9A7461E2405BBA1002BABC5 /* MyCoolFrameworkTests */,
				E900ACA8240438CE00C1BE96 /* Empty WindowTests */,
				E96FC08A240D57DB00B69F17 /* EmptyWindowUITests */,
				E900AC8D240438CD00C1BE96 /* Products */,
				E9A746372405C598002BABC5 /* Frameworks */,
			);
			sourceTree = "<group>";
		};
		E900AC8D240438CD00C1BE96 /* Products */ = {
			isa = PBXGroup;
			children = (
				E900AC8C240438CD00C1BE96 /* Empty Window.app */,
				E900ACA5240438CE00C1BE96 /* Empty WindowTests.xctest */,
				E9A746102405BBA1002BABC5 /* MyCoolFramework.framework */,
				E9A746182405BBA1002BABC5 /* MyCoolFrameworkTests.xctest */,
				E96FC089240D57DB00B69F17 /* EmptyWindowUITests.xctest */,
			);
			name = Products;
			sourceTree = "<group>";
		};
		E900AC8E240438CD00C1BE96 /* Empty Window */ = {
			isa = PBXGroup;
			children = (
				E900AC8F240438CD00C1BE96 /* AppDelegate.swift */,
				E900AC91240438CD00C1BE96 /* SceneDelegate.swift */,
				E900AC93240438CD00C1BE96 /* ViewController.swift */,
				E900AC95240438CD00C1BE96 /* Main.storyboard */,
				E96FC093240D5C6700B69F17 /* TestPlan.xctestplan */,
				E9A7467824083C11002BABC5 /* RedButton.swift */,
				E9A746762407EA15002BABC5 /* View.xib */,
				E900AC9B240438CE00C1BE96 /* Assets.xcassets */,
				E900AC9D240438CE00C1BE96 /* LaunchScreen.storyboard */,
				E900ACA0240438CE00C1BE96 /* Info.plist */,
				E900AC98240438CD00C1BE96 /* Empty_Window.xcdatamodeld */,
				E9A7464324072295002BABC5 /* TestTargetFile.swift */,
			);
			path = "Empty Window";
			sourceTree = "<group>";
		};
		E900ACA8240438CE00C1BE96 /* Empty WindowTests */ = {
			isa = PBXGroup;
			children = (
				E900ACA9240438CE00C1BE96 /* EmptyWindowTests.swift */,
				E900ACAB240438CE00C1BE96 /* Info.plist */,
			);
			path = "Empty WindowTests";
			sourceTree = "<group>";
		};
		E96FC08A240D57DB00B69F17 /* EmptyWindowUITests */ = {
			isa = PBXGroup;
			children = (
				E96FC08B240D57DB00B69F17 /* EmptyWindowUITests.swift */,
				E96FC08D240D57DB00B69F17 /* Info.plist */,
			);
			path = EmptyWindowUITests;
			sourceTree = "<group>";
		};
		E9A746112405BBA1002BABC5 /* MyCoolFramework */ = {
			isa = PBXGroup;
			children = (
				E9A746122405BBA1002BABC5 /* MyCoolFramework.h */,
				E9A746132405BBA1002BABC5 /* Info.plist */,
				E9A746302405C240002BABC5 /* ObjectFromFramework.swift */,
			);
			path = MyCoolFramework;
			sourceTree = "<group>";
		};
		E9A7461E2405BBA1002BABC5 /* MyCoolFrameworkTests */ = {
			isa = PBXGroup;
			children = (
				E9A7461F2405BBA1002BABC5 /* MyCoolFrameworkTests.swift */,
				E9A746212405BBA1002BABC5 /* Info.plist */,
			);
			path = MyCoolFrameworkTests;
			sourceTree = "<group>";
		};
		E9A746372405C598002BABC5 /* Frameworks */ = {
			isa = PBXGroup;
			children = (
			);
			name = Frameworks;
			sourceTree = "<group>";
		};
/* End PBXGroup section */

/* Begin PBXHeadersBuildPhase section */
		E9A7460B2405BBA1002BABC5 /* Headers */ = {
			isa = PBXHeadersBuildPhase;
			buildActionMask = 2147483647;
			files = (
				E9A746222405BBA1002BABC5 /* MyCoolFramework.h in Headers */,
			);
			runOnlyForDeploymentPostprocessing = 0;
		};
/* End PBXHeadersBuildPhase section */

/* Begin PBXNativeTarget section */
		E900AC8B240438CD00C1BE96 /* Empty Window */ = {
			isa = PBXNativeTarget;
			buildConfigurationList = E900ACAE240438CE00C1BE96 /* Build configuration list for PBXNativeTarget "Empty Window" */;
			buildPhases = (
				E900AC88240438CD00C1BE96 /* Sources */,
				E900AC89240438CD00C1BE96 /* Frameworks */,
				E900AC8A240438CD00C1BE96 /* Resources */,
				E9A746352405C3A7002BABC5 /* Embed Frameworks */,
			);
			buildRules = (
			);
			dependencies = (
				E9A746242405BBA1002BABC5 /* PBXTargetDependency */,
			);
			name = "Empty Window";
			packageProductDependencies = (
				E9A746412405C63E002BABC5 /* MyCoolPackage */,
			);
			productName = "Empty Window";
			productReference = E900AC8C240438CD00C1BE96 /* Empty Window.app */;
			productType = "com.apple.product-type.application";
		};
		E900ACA4240438CE00C1BE96 /* Empty WindowTests */ = {
			isa = PBXNativeTarget;
			buildConfigurationList = E900ACB1240438CE00C1BE96 /* Build configuration list for PBXNativeTarget "Empty WindowTests" */;
			buildPhases = (
				E900ACA1240438CE00C1BE96 /* Sources */,
				E900ACA2240438CE00C1BE96 /* Frameworks */,
				E900ACA3240438CE00C1BE96 /* Resources */,
			);
			buildRules = (
			);
			dependencies = (
				E900ACA7240438CE00C1BE96 /* PBXTargetDependency */,
			);
			name = "Empty WindowTests";
			productName = "Empty WindowTests";
			productReference = E900ACA5240438CE00C1BE96 /* Empty WindowTests.xctest */;
			productType = "com.apple.product-type.bundle.unit-test";
		};
		E96FC088240D57DB00B69F17 /* EmptyWindowUITests */ = {
			isa = PBXNativeTarget;
			buildConfigurationList = E96FC090240D57DB00B69F17 /* Build configuration list for PBXNativeTarget "EmptyWindowUITests" */;
			buildPhases = (
				E96FC085240D57DB00B69F17 /* Sources */,
				E96FC086240D57DB00B69F17 /* Frameworks */,
				E96FC087240D57DB00B69F17 /* Resources */,
			);
			buildRules = (
			);
			dependencies = (
				E96FC08F240D57DB00B69F17 /* PBXTargetDependency */,
			);
			name = EmptyWindowUITests;
			productName = EmptyWindowUITests;
			productReference = E96FC089240D57DB00B69F17 /* EmptyWindowUITests.xctest */;
			productType = "com.apple.product-type.bundle.ui-testing";
		};
		E9A7460F2405BBA1002BABC5 /* MyCoolFramework */ = {
			isa = PBXNativeTarget;
			buildConfigurationList = E9A746272405BBA1002BABC5 /* Build configuration list for PBXNativeTarget "MyCoolFramework" */;
			buildPhases = (
				E9A7460B2405BBA1002BABC5 /* Headers */,
				E9A7460C2405BBA1002BABC5 /* Sources */,
				E9A7460D2405BBA1002BABC5 /* Frameworks */,
				E9A7460E2405BBA1002BABC5 /* Resources */,
			);
			buildRules = (
			);
			dependencies = (
			);
			name = MyCoolFramework;
			productName = MyCoolFramework;
			productReference = E9A746102405BBA1002BABC5 /* MyCoolFramework.framework */;
			productType = "com.apple.product-type.framework";
		};
		E9A746172405BBA1002BABC5 /* MyCoolFrameworkTests */ = {
			isa = PBXNativeTarget;
			buildConfigurationList = E9A7462B2405BBA1002BABC5 /* Build configuration list for PBXNativeTarget "MyCoolFrameworkTests" */;
			buildPhases = (
				E9A746142405BBA1002BABC5 /* Sources */,
				E9A746152405BBA1002BABC5 /* Frameworks */,
				E9A746162405BBA1002BABC5 /* Resources */,
			);
			buildRules = (
			);
			dependencies = (
				E9A7461B2405BBA1002BABC5 /* PBXTargetDependency */,
				E9A7461D2405BBA1002BABC5 /* PBXTargetDependency */,
			);
			name = MyCoolFrameworkTests;
			productName = MyCoolFrameworkTests;
			productReference = E9A746182405BBA1002BABC5 /* MyCoolFrameworkTests.xctest */;
			productType = "com.apple.product-type.bundle.unit-test";
		};
/* End PBXNativeTarget section */

/* Begin PBXProject section */
		E900AC84240438CD00C1BE96 /* Project object */ = {
			isa = PBXProject;
			attributes = {
				LastSwiftUpdateCheck = 1130;
				LastUpgradeCheck = 1130;
				TargetAttributes = {
					E900AC8B240438CD00C1BE96 = {
						CreatedOnToolsVersion = 11.3.1;
					};
					E900ACA4240438CE00C1BE96 = {
						CreatedOnToolsVersion = 11.3.1;
						TestTargetID = E900AC8B240438CD00C1BE96;
					};
					E96FC088240D57DB00B69F17 = {
						CreatedOnToolsVersion = 11.3.1;
						TestTargetID = E900AC8B240438CD00C1BE96;
					};
					E9A7460F2405BBA1002BABC5 = {
						CreatedOnToolsVersion = 11.3.1;
						LastSwiftMigration = 1130;
					};
					E9A746172405BBA1002BABC5 = {
						CreatedOnToolsVersion = 11.3.1;
						TestTargetID = E900AC8B240438CD00C1BE96;
					};
				};
			};
			buildConfigurationList = E900AC87240438CD00C1BE96 /* Build configuration list for PBXProject "Empty Window" */;
			compatibilityVersion = "Xcode 9.3";
			developmentRegion = en;
			hasScannedForEncodings = 0;
			knownRegions = (
				en,
				Base,
			);
			mainGroup = E900AC83240438CD00C1BE96;
			productRefGroup = E900AC8D240438CD00C1BE96 /* Products */;
			projectDirPath = "";
			projectRoot = "";
			targets = (
				E900AC8B240438CD00C1BE96 /* Empty Window */,
				E900ACA4240438CE00C1BE96 /* Empty WindowTests */,
				E9A7460F2405BBA1002BABC5 /* MyCoolFramework */,
				E9A746172405BBA1002BABC5 /* MyCoolFrameworkTests */,
				E96FC088240D57DB00B69F17 /* EmptyWindowUITests */,
			);
		};
/* End PBXProject section */

/* Begin PBXResourcesBuildPhase section */
		E900AC8A240438CD00C1BE96 /* Resources */ = {
			isa = PBXResourcesBuildPhase;
			buildActionMask = 2147483647;
			files = (
				E9A746772407EA15002BABC5 /* View.xib in Resources */,
				E900AC9F240438CE00C1BE96 /* LaunchScreen.storyboard in Resources */,
				E900AC9C240438CE00C1BE96 /* Assets.xcassets in Resources */,
				E900AC97240438CD00C1BE96 /* Main.storyboard in Resources */,
			);
			runOnlyForDeploymentPostprocessing = 0;
		};
		E900ACA3240438CE00C1BE96 /* Resources */ = {
			isa = PBXResourcesBuildPhase;
			buildActionMask = 2147483647;
			files = (
			);
			runOnlyForDeploymentPostprocessing = 0;
		};
		E96FC087240D57DB00B69F17 /* Resources */ = {
			isa = PBXResourcesBuildPhase;
			buildActionMask = 2147483647;
			files = (
			);
			runOnlyForDeploymentPostprocessing = 0;
		};
		E9A7460E2405BBA1002BABC5 /* Resources */ = {
			isa = PBXResourcesBuildPhase;
			buildActionMask = 2147483647;
			files = (
			);
			runOnlyForDeploymentPostprocessing = 0;
		};
		E9A746162405BBA1002BABC5 /* Resources */ = {
			isa = PBXResourcesBuildPhase;
			buildActionMask = 2147483647;
			files = (
			);
			runOnlyForDeploymentPostprocessing = 0;
		};
/* End PBXResourcesBuildPhase section */

/* Begin PBXSourcesBuildPhase section */
		E900AC88240438CD00C1BE96 /* Sources */ = {
			isa = PBXSourcesBuildPhase;
			buildActionMask = 2147483647;
			files = (
				E9A74644240722E2002BABC5 /* TestTargetFile.swift in Sources */,
				E900AC94240438CD00C1BE96 /* ViewController.swift in Sources */,
				E900AC90240438CD00C1BE96 /* AppDelegate.swift in Sources */,
				E900AC92240438CD00C1BE96 /* SceneDelegate.swift in Sources */,
				E900AC9A240438CD00C1BE96 /* Empty_Window.xcdatamodeld in Sources */,
				E9A7467924083C11002BABC5 /* RedButton.swift in Sources */,
			);
			runOnlyForDeploymentPostprocessing = 0;
		};
		E900ACA1240438CE00C1BE96 /* Sources */ = {
			isa = PBXSourcesBuildPhase;
			buildActionMask = 2147483647;
			files = (
				E900ACAA240438CE00C1BE96 /* EmptyWindowTests.swift in Sources */,
			);
			runOnlyForDeploymentPostprocessing = 0;
		};
		E96FC085240D57DB00B69F17 /* Sources */ = {
			isa = PBXSourcesBuildPhase;
			buildActionMask = 2147483647;
			files = (
				E96FC08C240D57DB00B69F17 /* EmptyWindowUITests.swift in Sources */,
			);
			runOnlyForDeploymentPostprocessing = 0;
		};
		E9A7460C2405BBA1002BABC5 /* Sources */ = {
			isa = PBXSourcesBuildPhase;
			buildActionMask = 2147483647;
			files = (
				E9A746312405C240002BABC5 /* ObjectFromFramework.swift in Sources */,
			);
			runOnlyForDeploymentPostprocessing = 0;
		};
		E9A746142405BBA1002BABC5 /* Sources */ = {
			isa = PBXSourcesBuildPhase;
			buildActionMask = 2147483647;
			files = (
				E9A746202405BBA1002BABC5 /* MyCoolFrameworkTests.swift in Sources */,
			);
			runOnlyForDeploymentPostprocessing = 0;
		};
/* End PBXSourcesBuildPhase section */

/* Begin PBXTargetDependency section */
		E900ACA7240438CE00C1BE96 /* PBXTargetDependency */ = {
			isa = PBXTargetDependency;
			target = E900AC8B240438CD00C1BE96 /* Empty Window */;
			targetProxy = E900ACA6240438CE00C1BE96 /* PBXContainerItemProxy */;
		};
		E96FC08F240D57DB00B69F17 /* PBXTargetDependency */ = {
			isa = PBXTargetDependency;
			target = E900AC8B240438CD00C1BE96 /* Empty Window */;
			targetProxy = E96FC08E240D57DB00B69F17 /* PBXContainerItemProxy */;
		};
		E9A7461B2405BBA1002BABC5 /* PBXTargetDependency */ = {
			isa = PBXTargetDependency;
			target = E9A7460F2405BBA1002BABC5 /* MyCoolFramework */;
			targetProxy = E9A7461A2405BBA1002BABC5 /* PBXContainerItemProxy */;
		};
		E9A7461D2405BBA1002BABC5 /* PBXTargetDependency */ = {
			isa = PBXTargetDependency;
			target = E900AC8B240438CD00C1BE96 /* Empty Window */;
			targetProxy = E9A7461C2405BBA1002BABC5 /* PBXContainerItemProxy */;
		};
		E9A746242405BBA1002BABC5 /* PBXTargetDependency */ = {
			isa = PBXTargetDependency;
			target = E9A7460F2405BBA1002BABC5 /* MyCoolFramework */;
			targetProxy = E9A746232405BBA1002BABC5 /* PBXContainerItemProxy */;
		};
/* End PBXTargetDependency section */

/* Begin PBXVariantGroup section */
		E900AC95240438CD00C1BE96 /* Main.storyboard */ = {
			isa = PBXVariantGroup;
			children = (
				E900AC96240438CD00C1BE96 /* Base */,
			);
			name = Main.storyboard;
			sourceTree = "<group>";
		};
		E900AC9D240438CE00C1BE96 /* LaunchScreen.storyboard */ = {
			isa = PBXVariantGroup;
			children = (
				E900AC9E240438CE00C1BE96 /* Base */,
			);
			name = LaunchScreen.storyboard;
			sourceTree = "<group>";
		};
/* End PBXVariantGroup section */

/* Begin XCBuildConfiguration section */
		E900ACAC240438CE00C1BE96 /* Debug */ = {
			isa = XCBuildConfiguration;
			buildSettings = {
				ALWAYS_SEARCH_USER_PATHS = NO;
				CLANG_ANALYZER_NONNULL = YES;
				CLANG_ANALYZER_NUMBER_OBJECT_CONVERSION = YES_AGGRESSIVE;
				CLANG_CXX_LANGUAGE_STANDARD = "gnu++14";
				CLANG_CXX_LIBRARY = "libc++";
				CLANG_ENABLE_MODULES = YES;
				CLANG_ENABLE_OBJC_ARC = YES;
				CLANG_ENABLE_OBJC_WEAK = YES;
				CLANG_WARN_BLOCK_CAPTURE_AUTORELEASING = YES;
				CLANG_WARN_BOOL_CONVERSION = YES;
				CLANG_WARN_COMMA = YES;
				CLANG_WARN_CONSTANT_CONVERSION = YES;
				CLANG_WARN_DEPRECATED_OBJC_IMPLEMENTATIONS = YES;
				CLANG_WARN_DIRECT_OBJC_ISA_USAGE = YES_ERROR;
				CLANG_WARN_DOCUMENTATION_COMMENTS = YES;
				CLANG_WARN_EMPTY_BODY = YES;
				CLANG_WARN_ENUM_CONVERSION = YES;
				CLANG_WARN_INFINITE_RECURSION = YES;
				CLANG_WARN_INT_CONVERSION = YES;
				CLANG_WARN_NON_LITERAL_NULL_CONVERSION = YES;
				CLANG_WARN_OBJC_IMPLICIT_RETAIN_SELF = YES;
				CLANG_WARN_OBJC_LITERAL_CONVERSION = YES;
				CLANG_WARN_OBJC_ROOT_CLASS = YES_ERROR;
				CLANG_WARN_RANGE_LOOP_ANALYSIS = YES;
				CLANG_WARN_STRICT_PROTOTYPES = YES;
				CLANG_WARN_SUSPICIOUS_MOVE = YES;
				CLANG_WARN_UNGUARDED_AVAILABILITY = YES_AGGRESSIVE;
				CLANG_WARN_UNREACHABLE_CODE = YES;
				CLANG_WARN__DUPLICATE_METHOD_MATCH = YES;
				COPY_PHASE_STRIP = NO;
				DEBUG_INFORMATION_FORMAT = dwarf;
				ENABLE_STRICT_OBJC_MSGSEND = YES;
				ENABLE_TESTABILITY = YES;
				GCC_C_LANGUAGE_STANDARD = gnu11;
				GCC_DYNAMIC_NO_PIC = NO;
				GCC_NO_COMMON_BLOCKS = YES;
				GCC_OPTIMIZATION_LEVEL = 0;
				GCC_PREPROCESSOR_DEFINITIONS = (
					"DEBUG=1",
					"$(inherited)",
				);
				GCC_WARN_64_TO_32_BIT_CONVERSION = YES;
				GCC_WARN_ABOUT_RETURN_TYPE = YES_ERROR;
				GCC_WARN_UNDECLARED_SELECTOR = YES;
				GCC_WARN_UNINITIALIZED_AUTOS = YES_AGGRESSIVE;
				GCC_WARN_UNUSED_FUNCTION = YES;
				GCC_WARN_UNUSED_VARIABLE = YES;
				IPHONEOS_DEPLOYMENT_TARGET = 13.2;
				MTL_ENABLE_DEBUG_INFO = INCLUDE_SOURCE;
				MTL_FAST_MATH = YES;
				ONLY_ACTIVE_ARCH = YES;
				SDKROOT = iphoneos;
				SWIFT_ACTIVE_COMPILATION_CONDITIONS = DEBUG;
				SWIFT_OPTIMIZATION_LEVEL = "-Onone";
			};
			name = Debug;
		};
		E900ACAD240438CE00C1BE96 /* Release */ = {
			isa = XCBuildConfiguration;
			buildSettings = {
				ALWAYS_SEARCH_USER_PATHS = NO;
				CLANG_ANALYZER_NONNULL = YES;
				CLANG_ANALYZER_NUMBER_OBJECT_CONVERSION = YES_AGGRESSIVE;
				CLANG_CXX_LANGUAGE_STANDARD = "gnu++14";
				CLANG_CXX_LIBRARY = "libc++";
				CLANG_ENABLE_MODULES = YES;
				CLANG_ENABLE_OBJC_ARC = YES;
				CLANG_ENABLE_OBJC_WEAK = YES;
				CLANG_WARN_BLOCK_CAPTURE_AUTORELEASING = YES;
				CLANG_WARN_BOOL_CONVERSION = YES;
				CLANG_WARN_COMMA = YES;
				CLANG_WARN_CONSTANT_CONVERSION = YES;
				CLANG_WARN_DEPRECATED_OBJC_IMPLEMENTATIONS = YES;
				CLANG_WARN_DIRECT_OBJC_ISA_USAGE = YES_ERROR;
				CLANG_WARN_DOCUMENTATION_COMMENTS = YES;
				CLANG_WARN_EMPTY_BODY = YES;
				CLANG_WARN_ENUM_CONVERSION = YES;
				CLANG_WARN_INFINITE_RECURSION = YES;
				CLANG_WARN_INT_CONVERSION = YES;
				CLANG_WARN_NON_LITERAL_NULL_CONVERSION = YES;
				CLANG_WARN_OBJC_IMPLICIT_RETAIN_SELF = YES;
				CLANG_WARN_OBJC_LITERAL_CONVERSION = YES;
				CLANG_WARN_OBJC_ROOT_CLASS = YES_ERROR;
				CLANG_WARN_RANGE_LOOP_ANALYSIS = YES;
				CLANG_WARN_STRICT_PROTOTYPES = YES;
				CLANG_WARN_SUSPICIOUS_MOVE = YES;
				CLANG_WARN_UNGUARDED_AVAILABILITY = YES_AGGRESSIVE;
				CLANG_WARN_UNREACHABLE_CODE = YES;
				CLANG_WARN__DUPLICATE_METHOD_MATCH = YES;
				COPY_PHASE_STRIP = NO;
				DEBUG_INFORMATION_FORMAT = "dwarf-with-dsym";
				ENABLE_NS_ASSERTIONS = NO;
				ENABLE_STRICT_OBJC_MSGSEND = YES;
				GCC_C_LANGUAGE_STANDARD = gnu11;
				GCC_NO_COMMON_BLOCKS = YES;
				GCC_WARN_64_TO_32_BIT_CONVERSION = YES;
				GCC_WARN_ABOUT_RETURN_TYPE = YES_ERROR;
				GCC_WARN_UNDECLARED_SELECTOR = YES;
				GCC_WARN_UNINITIALIZED_AUTOS = YES_AGGRESSIVE;
				GCC_WARN_UNUSED_FUNCTION = YES;
				GCC_WARN_UNUSED_VARIABLE = YES;
				IPHONEOS_DEPLOYMENT_TARGET = 13.2;
				MTL_ENABLE_DEBUG_INFO = NO;
				MTL_FAST_MATH = YES;
				SDKROOT = iphoneos;
				SWIFT_COMPILATION_MODE = wholemodule;
				SWIFT_OPTIMIZATION_LEVEL = "-O";
				VALIDATE_PRODUCT = YES;
			};
			name = Release;
		};
		E900ACAF240438CE00C1BE96 /* Debug */ = {
			isa = XCBuildConfiguration;
			buildSettings = {
				ASSETCATALOG_COMPILER_APPICON_NAME = AppIcon;
				CODE_SIGN_STYLE = Automatic;
				DEVELOPMENT_TEAM = U87X99UU87;
				INFOPLIST_FILE = "Empty Window/Info.plist";
				IPHONEOS_DEPLOYMENT_TARGET = 13.2;
				LD_RUNPATH_SEARCH_PATHS = (
					"$(inherited)",
					"@executable_path/Frameworks",
				);
				PRODUCT_BUNDLE_IDENTIFIER = "ericgolovin.Empty-Window";
				PRODUCT_NAME = "$(TARGET_NAME)";
				SWIFT_VERSION = 5.0;
				TARGETED_DEVICE_FAMILY = "1,2";
			};
			name = Debug;
		};
		E900ACB0240438CE00C1BE96 /* Release */ = {
			isa = XCBuildConfiguration;
			buildSettings = {
				ASSETCATALOG_COMPILER_APPICON_NAME = AppIcon;
				CODE_SIGN_STYLE = Automatic;
				DEVELOPMENT_TEAM = U87X99UU87;
				INFOPLIST_FILE = "Empty Window/Info.plist";
				IPHONEOS_DEPLOYMENT_TARGET = 13.2;
				LD_RUNPATH_SEARCH_PATHS = (
					"$(inherited)",
					"@executable_path/Frameworks",
				);
				PRODUCT_BUNDLE_IDENTIFIER = "ericgolovin.Empty-Window";
				PRODUCT_NAME = "$(TARGET_NAME)";
				SWIFT_VERSION = 5.0;
				TARGETED_DEVICE_FAMILY = "1,2";
			};
			name = Release;
		};
		E900ACB2240438CE00C1BE96 /* Debug */ = {
			isa = XCBuildConfiguration;
			buildSettings = {
				ALWAYS_EMBED_SWIFT_STANDARD_LIBRARIES = YES;
				BUNDLE_LOADER = "$(TEST_HOST)";
				CODE_SIGN_STYLE = Automatic;
				DEVELOPMENT_TEAM = U87X99UU87;
				INFOPLIST_FILE = "Empty WindowTests/Info.plist";
				IPHONEOS_DEPLOYMENT_TARGET = 13.2;
				LD_RUNPATH_SEARCH_PATHS = (
					"$(inherited)",
					"@executable_path/Frameworks",
					"@loader_path/Frameworks",
				);
				PRODUCT_BUNDLE_IDENTIFIER = "ericgolovin.Empty-WindowTests";
				PRODUCT_NAME = "$(TARGET_NAME)";
				SWIFT_VERSION = 5.0;
				TARGETED_DEVICE_FAMILY = "1,2";
				TEST_HOST = "$(BUILT_PRODUCTS_DIR)/Empty Window.app/Empty Window";
			};
			name = Debug;
		};
		E900ACB3240438CE00C1BE96 /* Release */ = {
			isa = XCBuildConfiguration;
			buildSettings = {
				ALWAYS_EMBED_SWIFT_STANDARD_LIBRARIES = YES;
				BUNDLE_LOADER = "$(TEST_HOST)";
				CODE_SIGN_STYLE = Automatic;
				DEVELOPMENT_TEAM = U87X99UU87;
				INFOPLIST_FILE = "Empty WindowTests/Info.plist";
				IPHONEOS_DEPLOYMENT_TARGET = 13.2;
				LD_RUNPATH_SEARCH_PATHS = (
					"$(inherited)",
					"@executable_path/Frameworks",
					"@loader_path/Frameworks",
				);
				PRODUCT_BUNDLE_IDENTIFIER = "ericgolovin.Empty-WindowTests";
				PRODUCT_NAME = "$(TARGET_NAME)";
				SWIFT_VERSION = 5.0;
				TARGETED_DEVICE_FAMILY = "1,2";
				TEST_HOST = "$(BUILT_PRODUCTS_DIR)/Empty Window.app/Empty Window";
			};
			name = Release;
		};
		E96FC091240D57DB00B69F17 /* Debug */ = {
			isa = XCBuildConfiguration;
			buildSettings = {
				CODE_SIGN_STYLE = Automatic;
				DEVELOPMENT_TEAM = U87X99UU87;
				INFOPLIST_FILE = EmptyWindowUITests/Info.plist;
				LD_RUNPATH_SEARCH_PATHS = (
					"$(inherited)",
					"@executable_path/Frameworks",
					"@loader_path/Frameworks",
				);
				PRODUCT_BUNDLE_IDENTIFIER = com.ericgolovin.EmptyWindowUITests;
				PRODUCT_NAME = "$(TARGET_NAME)";
				SWIFT_VERSION = 5.0;
				TARGETED_DEVICE_FAMILY = "1,2";
				TEST_TARGET_NAME = "Empty Window";
			};
			name = Debug;
		};
		E96FC092240D57DB00B69F17 /* Release */ = {
			isa = XCBuildConfiguration;
			buildSettings = {
				CODE_SIGN_STYLE = Automatic;
				DEVELOPMENT_TEAM = U87X99UU87;
				INFOPLIST_FILE = EmptyWindowUITests/Info.plist;
				LD_RUNPATH_SEARCH_PATHS = (
					"$(inherited)",
					"@executable_path/Frameworks",
					"@loader_path/Frameworks",
				);
				PRODUCT_BUNDLE_IDENTIFIER = com.ericgolovin.EmptyWindowUITests;
				PRODUCT_NAME = "$(TARGET_NAME)";
				SWIFT_VERSION = 5.0;
				TARGETED_DEVICE_FAMILY = "1,2";
				TEST_TARGET_NAME = "Empty Window";
			};
			name = Release;
		};
		E9A746282405BBA1002BABC5 /* Debug */ = {
			isa = XCBuildConfiguration;
			buildSettings = {
				CLANG_ENABLE_MODULES = YES;
				CODE_SIGN_STYLE = Automatic;
				CURRENT_PROJECT_VERSION = 1;
				DEFINES_MODULE = YES;
				DEVELOPMENT_TEAM = U87X99UU87;
				DYLIB_COMPATIBILITY_VERSION = 1;
				DYLIB_CURRENT_VERSION = 1;
				DYLIB_INSTALL_NAME_BASE = "@rpath";
				INFOPLIST_FILE = MyCoolFramework/Info.plist;
				INSTALL_PATH = "$(LOCAL_LIBRARY_DIR)/Frameworks";
				LD_RUNPATH_SEARCH_PATHS = (
					"$(inherited)",
					"@executable_path/Frameworks",
					"@loader_path/Frameworks",
				);
				PRODUCT_BUNDLE_IDENTIFIER = com.ericgolovin.MyCoolFramework;
				PRODUCT_NAME = "$(TARGET_NAME:c99extidentifier)";
				SKIP_INSTALL = YES;
				SWIFT_OPTIMIZATION_LEVEL = "-Onone";
				SWIFT_VERSION = 5.0;
				TARGETED_DEVICE_FAMILY = "1,2";
				VERSIONING_SYSTEM = "apple-generic";
				VERSION_INFO_PREFIX = "";
			};
			name = Debug;
		};
		E9A746292405BBA1002BABC5 /* Release */ = {
			isa = XCBuildConfiguration;
			buildSettings = {
				CLANG_ENABLE_MODULES = YES;
				CODE_SIGN_STYLE = Automatic;
				CURRENT_PROJECT_VERSION = 1;
				DEFINES_MODULE = YES;
				DEVELOPMENT_TEAM = U87X99UU87;
				DYLIB_COMPATIBILITY_VERSION = 1;
				DYLIB_CURRENT_VERSION = 1;
				DYLIB_INSTALL_NAME_BASE = "@rpath";
				INFOPLIST_FILE = MyCoolFramework/Info.plist;
				INSTALL_PATH = "$(LOCAL_LIBRARY_DIR)/Frameworks";
				LD_RUNPATH_SEARCH_PATHS = (
					"$(inherited)",
					"@executable_path/Frameworks",
					"@loader_path/Frameworks",
				);
				PRODUCT_BUNDLE_IDENTIFIER = com.ericgolovin.MyCoolFramework;
				PRODUCT_NAME = "$(TARGET_NAME:c99extidentifier)";
				SKIP_INSTALL = YES;
				SWIFT_VERSION = 5.0;
				TARGETED_DEVICE_FAMILY = "1,2";
				VERSIONING_SYSTEM = "apple-generic";
				VERSION_INFO_PREFIX = "";
			};
			name = Release;
		};
		E9A7462C2405BBA1002BABC5 /* Debug */ = {
			isa = XCBuildConfiguration;
			buildSettings = {
				ALWAYS_EMBED_SWIFT_STANDARD_LIBRARIES = YES;
				CODE_SIGN_STYLE = Automatic;
				DEVELOPMENT_TEAM = U87X99UU87;
				INFOPLIST_FILE = MyCoolFrameworkTests/Info.plist;
				LD_RUNPATH_SEARCH_PATHS = (
					"$(inherited)",
					"@executable_path/Frameworks",
					"@loader_path/Frameworks",
				);
				PRODUCT_BUNDLE_IDENTIFIER = com.ericgolovin.MyCoolFrameworkTests;
				PRODUCT_NAME = "$(TARGET_NAME)";
				SWIFT_VERSION = 5.0;
				TARGETED_DEVICE_FAMILY = "1,2";
				TEST_HOST = "$(BUILT_PRODUCTS_DIR)/Empty Window.app/Empty Window";
			};
			name = Debug;
		};
		E9A7462D2405BBA1002BABC5 /* Release */ = {
			isa = XCBuildConfiguration;
			buildSettings = {
				ALWAYS_EMBED_SWIFT_STANDARD_LIBRARIES = YES;
				CODE_SIGN_STYLE = Automatic;
				DEVELOPMENT_TEAM = U87X99UU87;
				INFOPLIST_FILE = MyCoolFrameworkTests/Info.plist;
				LD_RUNPATH_SEARCH_PATHS = (
					"$(inherited)",
					"@executable_path/Frameworks",
					"@loader_path/Frameworks",
				);
				PRODUCT_BUNDLE_IDENTIFIER = com.ericgolovin.MyCoolFrameworkTests;
				PRODUCT_NAME = "$(TARGET_NAME)";
				SWIFT_VERSION = 5.0;
				TARGETED_DEVICE_FAMILY = "1,2";
				TEST_HOST = "$(BUILT_PRODUCTS_DIR)/Empty Window.app/Empty Window";
			};
			name = Release;
		};
/* End XCBuildConfiguration section */

/* Begin XCConfigurationList section */
		E900AC87240438CD00C1BE96 /* Build configuration list for PBXProject "Empty Window" */ = {
			isa = XCConfigurationList;
			buildConfigurations = (
				E900ACAC240438CE00C1BE96 /* Debug */,
				E900ACAD240438CE00C1BE96 /* Release */,
			);
			defaultConfigurationIsVisible = 0;
			defaultConfigurationName = Release;
		};
		E900ACAE240438CE00C1BE96 /* Build configuration list for PBXNativeTarget "Empty Window" */ = {
			isa = XCConfigurationList;
			buildConfigurations = (
				E900ACAF240438CE00C1BE96 /* Debug */,
				E900ACB0240438CE00C1BE96 /* Release */,
			);
			defaultConfigurationIsVisible = 0;
			defaultConfigurationName = Release;
		};
		E900ACB1240438CE00C1BE96 /* Build configuration list for PBXNativeTarget "Empty WindowTests" */ = {
			isa = XCConfigurationList;
			buildConfigurations = (
				E900ACB2240438CE00C1BE96 /* Debug */,
				E900ACB3240438CE00C1BE96 /* Release */,
			);
			defaultConfigurationIsVisible = 0;
			defaultConfigurationName = Release;
		};
		E96FC090240D57DB00B69F17 /* Build configuration list for PBXNativeTarget "EmptyWindowUITests" */ = {
			isa = XCConfigurationList;
			buildConfigurations = (
				E96FC091240D57DB00B69F17 /* Debug */,
				E96FC092240D57DB00B69F17 /* Release */,
			);
			defaultConfigurationIsVisible = 0;
			defaultConfigurationName = Release;
		};
		E9A746272405BBA1002BABC5 /* Build configuration list for PBXNativeTarget "MyCoolFramework" */ = {
			isa = XCConfigurationList;
			buildConfigurations = (
				E9A746282405BBA1002BABC5 /* Debug */,
				E9A746292405BBA1002BABC5 /* Release */,
			);
			defaultConfigurationIsVisible = 0;
			defaultConfigurationName = Release;
		};
		E9A7462B2405BBA1002BABC5 /* Build configuration list for PBXNativeTarget "MyCoolFrameworkTests" */ = {
			isa = XCConfigurationList;
			buildConfigurations = (
				E9A7462C2405BBA1002BABC5 /* Debug */,
				E9A7462D2405BBA1002BABC5 /* Release */,
			);
			defaultConfigurationIsVisible = 0;
			defaultConfigurationName = Release;
		};
/* End XCConfigurationList section */

/* Begin XCSwiftPackageProductDependency section */
		E9A746412405C63E002BABC5 /* MyCoolPackage */ = {
			isa = XCSwiftPackageProductDependency;
			productName = MyCoolPackage;
		};
/* End XCSwiftPackageProductDependency section */

/* Begin XCVersionGroup section */
		E900AC98240438CD00C1BE96 /* Empty_Window.xcdatamodeld */ = {
			isa = XCVersionGroup;
			children = (
				E900AC99240438CD00C1BE96 /* Empty_Window.xcdatamodel */,
			);
			currentVersion = E900AC99240438CD00C1BE96 /* Empty_Window.xcdatamodel */;
			path = Empty_Window.xcdatamodeld;
			sourceTree = "<group>";
			versionGroupType = wrapper.xcdatamodel;
		};
/* End XCVersionGroup section */
	};
	rootObject = E900AC84240438CD00C1BE96 /* Project object */;
}
